// !$*UTF8*$!
{
	archiveVersion = 1;
	classes = {
	};
	objectVersion = 55;
	objects = {

/* Begin PBXBuildFile section */
		E62A0D82284F74D00075E36C /* AEMasCsAuthorViewer.swift in Sources */ = {isa = PBXBuildFile; fileRef = E62A0D81284F74D00075E36C /* AEMasCsAuthorViewer.swift */; };
		E62A0D84284F74D00075E36C /* AEMMenuView.swift in Sources */ = {isa = PBXBuildFile; fileRef = E62A0D83284F74D00075E36C /* AEMMenuView.swift */; };
		E62A0D86284F74D10075E36C /* Assets.xcassets in Resources */ = {isa = PBXBuildFile; fileRef = E62A0D85284F74D10075E36C /* Assets.xcassets */; };
		E62A0D89284F74D10075E36C /* Preview Assets.xcassets in Resources */ = {isa = PBXBuildFile; fileRef = E62A0D88284F74D10075E36C /* Preview Assets.xcassets */; };
		E62A0D93284F74D10075E36C /* AEMasCsAuhtorViewerAppTests.swift in Sources */ = {isa = PBXBuildFile; fileRef = E62A0D92284F74D10075E36C /* AEMasCsAuhtorViewerAppTests.swift */; };
		E62A0D9D284F74D10075E36C /* swiftui_intro_appUITests.swift in Sources */ = {isa = PBXBuildFile; fileRef = E62A0D9C284F74D10075E36C /* swiftui_intro_appUITests.swift */; };
		E62A0D9F284F74D10075E36C /* swiftui_intro_appUITestsLaunchTests.swift in Sources */ = {isa = PBXBuildFile; fileRef = E62A0D9E284F74D10075E36C /* swiftui_intro_appUITestsLaunchTests.swift */; };
		E62A0DAC2850C17B0075E36C /* AEMContentGetView.swift in Sources */ = {isa = PBXBuildFile; fileRef = E62A0DAB2850C17B0075E36C /* AEMContentGetView.swift */; };
		E66706CB286F2D0900C200EA /* AEMModelViewClasses.swift in Sources */ = {isa = PBXBuildFile; fileRef = E66706CA286F2D0900C200EA /* AEMModelViewClasses.swift */; };
		E69F3DE4286F8312003CC816 /* MockUrlProtocol.swift in Sources */ = {isa = PBXBuildFile; fileRef = E69F3DE3286F8312003CC816 /* MockUrlProtocol.swift */; };
		E6A5E3A22863747C0001113A /* AEMLoginView.swift in Sources */ = {isa = PBXBuildFile; fileRef = E6A5E3A12863747B0001113A /* AEMLoginView.swift */; };
		E6B4BF7E2857573700D591A5 /* AEMModelViewStruts.swift in Sources */ = {isa = PBXBuildFile; fileRef = E6B4BF7D2857573700D591A5 /* AEMModelViewStruts.swift */; };
/* End PBXBuildFile section */

/* Begin PBXContainerItemProxy section */
		E62A0D8F284F74D10075E36C /* PBXContainerItemProxy */ = {
			isa = PBXContainerItemProxy;
			containerPortal = E62A0D76284F74D00075E36C /* Project object */;
			proxyType = 1;
			remoteGlobalIDString = E62A0D7D284F74D00075E36C;
			remoteInfo = "swiftui-intro-app";
		};
		E62A0D99284F74D10075E36C /* PBXContainerItemProxy */ = {
			isa = PBXContainerItemProxy;
			containerPortal = E62A0D76284F74D00075E36C /* Project object */;
			proxyType = 1;
			remoteGlobalIDString = E62A0D7D284F74D00075E36C;
			remoteInfo = "swiftui-intro-app";
		};
/* End PBXContainerItemProxy section */

/* Begin PBXFileReference section */
		E62A0D7E284F74D00075E36C /* AEM-asCs-Author-Viewer.app */ = {isa = PBXFileReference; explicitFileType = wrapper.application; includeInIndex = 0; path = "AEM-asCs-Author-Viewer.app"; sourceTree = BUILT_PRODUCTS_DIR; };
		E62A0D81284F74D00075E36C /* AEMasCsAuthorViewer.swift */ = {isa = PBXFileReference; lastKnownFileType = sourcecode.swift; path = AEMasCsAuthorViewer.swift; sourceTree = "<group>"; };
		E62A0D83284F74D00075E36C /* AEMMenuView.swift */ = {isa = PBXFileReference; lastKnownFileType = sourcecode.swift; path = AEMMenuView.swift; sourceTree = "<group>"; };
		E62A0D85284F74D10075E36C /* Assets.xcassets */ = {isa = PBXFileReference; lastKnownFileType = folder.assetcatalog; path = Assets.xcassets; sourceTree = "<group>"; };
		E62A0D88284F74D10075E36C /* Preview Assets.xcassets */ = {isa = PBXFileReference; lastKnownFileType = folder.assetcatalog; path = "Preview Assets.xcassets"; sourceTree = "<group>"; };
		E62A0D8E284F74D10075E36C /* AEM-asCs-Author-ViewerTests.xctest */ = {isa = PBXFileReference; explicitFileType = wrapper.cfbundle; includeInIndex = 0; path = "AEM-asCs-Author-ViewerTests.xctest"; sourceTree = BUILT_PRODUCTS_DIR; };
		E62A0D92284F74D10075E36C /* AEMasCsAuhtorViewerAppTests.swift */ = {isa = PBXFileReference; lastKnownFileType = sourcecode.swift; path = AEMasCsAuhtorViewerAppTests.swift; sourceTree = "<group>"; };
		E62A0D98284F74D10075E36C /* AEM-asCs-Author-ViewerUITests.xctest */ = {isa = PBXFileReference; explicitFileType = wrapper.cfbundle; includeInIndex = 0; path = "AEM-asCs-Author-ViewerUITests.xctest"; sourceTree = BUILT_PRODUCTS_DIR; };
		E62A0D9C284F74D10075E36C /* swiftui_intro_appUITests.swift */ = {isa = PBXFileReference; lastKnownFileType = sourcecode.swift; path = swiftui_intro_appUITests.swift; sourceTree = "<group>"; };
		E62A0D9E284F74D10075E36C /* swiftui_intro_appUITestsLaunchTests.swift */ = {isa = PBXFileReference; lastKnownFileType = sourcecode.swift; path = swiftui_intro_appUITestsLaunchTests.swift; sourceTree = "<group>"; };
		E62A0DAB2850C17B0075E36C /* AEMContentGetView.swift */ = {isa = PBXFileReference; lastKnownFileType = sourcecode.swift; path = AEMContentGetView.swift; sourceTree = "<group>"; };
		E66706CA286F2D0900C200EA /* AEMModelViewClasses.swift */ = {isa = PBXFileReference; lastKnownFileType = sourcecode.swift; path = AEMModelViewClasses.swift; sourceTree = "<group>"; };
		E69F3DE3286F8312003CC816 /* MockUrlProtocol.swift */ = {isa = PBXFileReference; lastKnownFileType = sourcecode.swift; path = MockUrlProtocol.swift; sourceTree = "<group>"; };
		E6A5E3A12863747B0001113A /* AEMLoginView.swift */ = {isa = PBXFileReference; lastKnownFileType = sourcecode.swift; path = AEMLoginView.swift; sourceTree = "<group>"; };
		E6B4BF7D2857573700D591A5 /* AEMModelViewStruts.swift */ = {isa = PBXFileReference; lastKnownFileType = sourcecode.swift; path = AEMModelViewStruts.swift; sourceTree = "<group>"; };
/* End PBXFileReference section */

/* Begin PBXFrameworksBuildPhase section */
		E62A0D7B284F74D00075E36C /* Frameworks */ = {
			isa = PBXFrameworksBuildPhase;
			buildActionMask = 2147483647;
			files = (
			);
			runOnlyForDeploymentPostprocessing = 0;
		};
		E62A0D8B284F74D10075E36C /* Frameworks */ = {
			isa = PBXFrameworksBuildPhase;
			buildActionMask = 2147483647;
			files = (
			);
			runOnlyForDeploymentPostprocessing = 0;
		};
		E62A0D95284F74D10075E36C /* Frameworks */ = {
			isa = PBXFrameworksBuildPhase;
			buildActionMask = 2147483647;
			files = (
			);
			runOnlyForDeploymentPostprocessing = 0;
		};
/* End PBXFrameworksBuildPhase section */

/* Begin PBXGroup section */
		E62A0D75284F74D00075E36C = {
			isa = PBXGroup;
			children = (
				E62A0D80284F74D00075E36C /* aem-asCs-viewer-app */,
				E62A0D91284F74D10075E36C /* aem-asCs-viewer-appTests */,
				E62A0D9B284F74D10075E36C /* aem-asCs-viewer-appUITests */,
				E62A0D7F284F74D00075E36C /* Products */,
			);
			sourceTree = "<group>";
		};
		E62A0D7F284F74D00075E36C /* Products */ = {
			isa = PBXGroup;
			children = (
				E62A0D7E284F74D00075E36C /* AEM-asCs-Author-Viewer.app */,
				E62A0D8E284F74D10075E36C /* AEM-asCs-Author-ViewerTests.xctest */,
				E62A0D98284F74D10075E36C /* AEM-asCs-Author-ViewerUITests.xctest */,
			);
			name = Products;
			sourceTree = "<group>";
		};
		E62A0D80284F74D00075E36C /* aem-asCs-viewer-app */ = {
			isa = PBXGroup;
			children = (
				E62A0D81284F74D00075E36C /* AEMasCsAuthorViewer.swift */,
				E62A0D83284F74D00075E36C /* AEMMenuView.swift */,
				E62A0D85284F74D10075E36C /* Assets.xcassets */,
				E62A0D87284F74D10075E36C /* Preview Content */,
				E62A0DAB2850C17B0075E36C /* AEMContentGetView.swift */,
				E6B4BF7D2857573700D591A5 /* AEMModelViewStruts.swift */,
				E6A5E3A12863747B0001113A /* AEMLoginView.swift */,
				E66706CA286F2D0900C200EA /* AEMModelViewClasses.swift */,
			);
			path = "aem-asCs-viewer-app";
			sourceTree = "<group>";
		};
		E62A0D87284F74D10075E36C /* Preview Content */ = {
			isa = PBXGroup;
			children = (
				E62A0D88284F74D10075E36C /* Preview Assets.xcassets */,
			);
			path = "Preview Content";
			sourceTree = "<group>";
		};
		E62A0D91284F74D10075E36C /* aem-asCs-viewer-appTests */ = {
			isa = PBXGroup;
			children = (
				E62A0D92284F74D10075E36C /* AEMasCsAuhtorViewerAppTests.swift */,
				E69F3DE3286F8312003CC816 /* MockUrlProtocol.swift */,
			);
			path = "aem-asCs-viewer-appTests";
			sourceTree = "<group>";
		};
		E62A0D9B284F74D10075E36C /* aem-asCs-viewer-appUITests */ = {
			isa = PBXGroup;
			children = (
				E62A0D9C284F74D10075E36C /* swiftui_intro_appUITests.swift */,
				E62A0D9E284F74D10075E36C /* swiftui_intro_appUITestsLaunchTests.swift */,
			);
			path = "aem-asCs-viewer-appUITests";
			sourceTree = "<group>";
		};
/* End PBXGroup section */

/* Begin PBXNativeTarget section */
		E62A0D7D284F74D00075E36C /* AEM-asCs-Author-Viewer */ = {
			isa = PBXNativeTarget;
			buildConfigurationList = E62A0DA2284F74D10075E36C /* Build configuration list for PBXNativeTarget "AEM-asCs-Author-Viewer" */;
			buildPhases = (
				E62A0D7A284F74D00075E36C /* Sources */,
				E62A0D7B284F74D00075E36C /* Frameworks */,
				E62A0D7C284F74D00075E36C /* Resources */,
			);
			buildRules = (
			);
			dependencies = (
			);
			name = "AEM-asCs-Author-Viewer";
			productName = "swiftui-intro-app";
			productReference = E62A0D7E284F74D00075E36C /* AEM-asCs-Author-Viewer.app */;
			productType = "com.apple.product-type.application";
		};
		E62A0D8D284F74D10075E36C /* AEM-asCs-Author-ViewerTests */ = {
			isa = PBXNativeTarget;
			buildConfigurationList = E62A0DA5284F74D10075E36C /* Build configuration list for PBXNativeTarget "AEM-asCs-Author-ViewerTests" */;
			buildPhases = (
				E62A0D8A284F74D10075E36C /* Sources */,
				E62A0D8B284F74D10075E36C /* Frameworks */,
				E62A0D8C284F74D10075E36C /* Resources */,
			);
			buildRules = (
			);
			dependencies = (
				E62A0D90284F74D10075E36C /* PBXTargetDependency */,
			);
			name = "AEM-asCs-Author-ViewerTests";
			productName = "swiftui-intro-appTests";
			productReference = E62A0D8E284F74D10075E36C /* AEM-asCs-Author-ViewerTests.xctest */;
			productType = "com.apple.product-type.bundle.unit-test";
		};
		E62A0D97284F74D10075E36C /* AEM-asCs-Author-ViewerUITests */ = {
			isa = PBXNativeTarget;
			buildConfigurationList = E62A0DA8284F74D10075E36C /* Build configuration list for PBXNativeTarget "AEM-asCs-Author-ViewerUITests" */;
			buildPhases = (
				E62A0D94284F74D10075E36C /* Sources */,
				E62A0D95284F74D10075E36C /* Frameworks */,
				E62A0D96284F74D10075E36C /* Resources */,
			);
			buildRules = (
			);
			dependencies = (
				E62A0D9A284F74D10075E36C /* PBXTargetDependency */,
			);
			name = "AEM-asCs-Author-ViewerUITests";
			productName = "swiftui-intro-appUITests";
			productReference = E62A0D98284F74D10075E36C /* AEM-asCs-Author-ViewerUITests.xctest */;
			productType = "com.apple.product-type.bundle.ui-testing";
		};
/* End PBXNativeTarget section */

/* Begin PBXProject section */
		E62A0D76284F74D00075E36C /* Project object */ = {
			isa = PBXProject;
			attributes = {
				BuildIndependentTargetsInParallel = 1;
				LastSwiftUpdateCheck = 1340;
				LastUpgradeCheck = 1340;
				TargetAttributes = {
					E62A0D7D284F74D00075E36C = {
						CreatedOnToolsVersion = 13.4.1;
					};
					E62A0D8D284F74D10075E36C = {
						CreatedOnToolsVersion = 13.4.1;
						TestTargetID = E62A0D7D284F74D00075E36C;
					};
					E62A0D97284F74D10075E36C = {
						CreatedOnToolsVersion = 13.4.1;
						TestTargetID = E62A0D7D284F74D00075E36C;
					};
				};
			};
			buildConfigurationList = E62A0D79284F74D00075E36C /* Build configuration list for PBXProject "AEM-asCs-Author-Viewer" */;
			compatibilityVersion = "Xcode 13.0";
			developmentRegion = en;
			hasScannedForEncodings = 0;
			knownRegions = (
				en,
				Base,
			);
			mainGroup = E62A0D75284F74D00075E36C;
			productRefGroup = E62A0D7F284F74D00075E36C /* Products */;
			projectDirPath = "";
			projectRoot = "";
			targets = (
				E62A0D7D284F74D00075E36C /* AEM-asCs-Author-Viewer */,
				E62A0D8D284F74D10075E36C /* AEM-asCs-Author-ViewerTests */,
				E62A0D97284F74D10075E36C /* AEM-asCs-Author-ViewerUITests */,
			);
		};
/* End PBXProject section */

/* Begin PBXResourcesBuildPhase section */
		E62A0D7C284F74D00075E36C /* Resources */ = {
			isa = PBXResourcesBuildPhase;
			buildActionMask = 2147483647;
			files = (
				E62A0D89284F74D10075E36C /* Preview Assets.xcassets in Resources */,
				E62A0D86284F74D10075E36C /* Assets.xcassets in Resources */,
			);
			runOnlyForDeploymentPostprocessing = 0;
		};
		E62A0D8C284F74D10075E36C /* Resources */ = {
			isa = PBXResourcesBuildPhase;
			buildActionMask = 2147483647;
			files = (
			);
			runOnlyForDeploymentPostprocessing = 0;
		};
		E62A0D96284F74D10075E36C /* Resources */ = {
			isa = PBXResourcesBuildPhase;
			buildActionMask = 2147483647;
			files = (
			);
			runOnlyForDeploymentPostprocessing = 0;
		};
/* End PBXResourcesBuildPhase section */

/* Begin PBXSourcesBuildPhase section */
		E62A0D7A284F74D00075E36C /* Sources */ = {
			isa = PBXSourcesBuildPhase;
			buildActionMask = 2147483647;
			files = (
				E62A0DAC2850C17B0075E36C /* AEMContentGetView.swift in Sources */,
				E62A0D84284F74D00075E36C /* AEMMenuView.swift in Sources */,
				E62A0D82284F74D00075E36C /* AEMasCsAuthorViewer.swift in Sources */,
				E6A5E3A22863747C0001113A /* AEMLoginView.swift in Sources */,
				E6B4BF7E2857573700D591A5 /* AEMModelViewStruts.swift in Sources */,
				E66706CB286F2D0900C200EA /* AEMModelViewClasses.swift in Sources */,
			);
			runOnlyForDeploymentPostprocessing = 0;
		};
		E62A0D8A284F74D10075E36C /* Sources */ = {
			isa = PBXSourcesBuildPhase;
			buildActionMask = 2147483647;
			files = (
				E62A0D93284F74D10075E36C /* AEMasCsAuhtorViewerAppTests.swift in Sources */,
				E69F3DE4286F8312003CC816 /* MockUrlProtocol.swift in Sources */,
			);
			runOnlyForDeploymentPostprocessing = 0;
		};
		E62A0D94284F74D10075E36C /* Sources */ = {
			isa = PBXSourcesBuildPhase;
			buildActionMask = 2147483647;
			files = (
				E62A0D9D284F74D10075E36C /* swiftui_intro_appUITests.swift in Sources */,
				E62A0D9F284F74D10075E36C /* swiftui_intro_appUITestsLaunchTests.swift in Sources */,
			);
			runOnlyForDeploymentPostprocessing = 0;
		};
/* End PBXSourcesBuildPhase section */

/* Begin PBXTargetDependency section */
		E62A0D90284F74D10075E36C /* PBXTargetDependency */ = {
			isa = PBXTargetDependency;
			target = E62A0D7D284F74D00075E36C /* AEM-asCs-Author-Viewer */;
			targetProxy = E62A0D8F284F74D10075E36C /* PBXContainerItemProxy */;
		};
		E62A0D9A284F74D10075E36C /* PBXTargetDependency */ = {
			isa = PBXTargetDependency;
			target = E62A0D7D284F74D00075E36C /* AEM-asCs-Author-Viewer */;
			targetProxy = E62A0D99284F74D10075E36C /* PBXContainerItemProxy */;
		};
/* End PBXTargetDependency section */

/* Begin XCBuildConfiguration section */
		E62A0DA0284F74D10075E36C /* Debug */ = {
			isa = XCBuildConfiguration;
			buildSettings = {
				ALWAYS_SEARCH_USER_PATHS = NO;
				CLANG_ANALYZER_NONNULL = YES;
				CLANG_ANALYZER_NUMBER_OBJECT_CONVERSION = YES_AGGRESSIVE;
				CLANG_CXX_LANGUAGE_STANDARD = "gnu++17";
				CLANG_ENABLE_MODULES = YES;
				CLANG_ENABLE_OBJC_ARC = YES;
				CLANG_ENABLE_OBJC_WEAK = YES;
				CLANG_WARN_BLOCK_CAPTURE_AUTORELEASING = YES;
				CLANG_WARN_BOOL_CONVERSION = YES;
				CLANG_WARN_COMMA = YES;
				CLANG_WARN_CONSTANT_CONVERSION = YES;
				CLANG_WARN_DEPRECATED_OBJC_IMPLEMENTATIONS = YES;
				CLANG_WARN_DIRECT_OBJC_ISA_USAGE = YES_ERROR;
				CLANG_WARN_DOCUMENTATION_COMMENTS = YES;
				CLANG_WARN_EMPTY_BODY = YES;
				CLANG_WARN_ENUM_CONVERSION = YES;
				CLANG_WARN_INFINITE_RECURSION = YES;
				CLANG_WARN_INT_CONVERSION = YES;
				CLANG_WARN_NON_LITERAL_NULL_CONVERSION = YES;
				CLANG_WARN_OBJC_IMPLICIT_RETAIN_SELF = YES;
				CLANG_WARN_OBJC_LITERAL_CONVERSION = YES;
				CLANG_WARN_OBJC_ROOT_CLASS = YES_ERROR;
				CLANG_WARN_QUOTED_INCLUDE_IN_FRAMEWORK_HEADER = YES;
				CLANG_WARN_RANGE_LOOP_ANALYSIS = YES;
				CLANG_WARN_STRICT_PROTOTYPES = YES;
				CLANG_WARN_SUSPICIOUS_MOVE = YES;
				CLANG_WARN_UNGUARDED_AVAILABILITY = YES_AGGRESSIVE;
				CLANG_WARN_UNREACHABLE_CODE = YES;
				CLANG_WARN__DUPLICATE_METHOD_MATCH = YES;
				COPY_PHASE_STRIP = NO;
				DEBUG_INFORMATION_FORMAT = dwarf;
				ENABLE_STRICT_OBJC_MSGSEND = YES;
				ENABLE_TESTABILITY = YES;
				GCC_C_LANGUAGE_STANDARD = gnu11;
				GCC_DYNAMIC_NO_PIC = NO;
				GCC_NO_COMMON_BLOCKS = YES;
				GCC_OPTIMIZATION_LEVEL = 0;
				GCC_PREPROCESSOR_DEFINITIONS = (
					"DEBUG=1",
					"$(inherited)",
				);
				GCC_WARN_64_TO_32_BIT_CONVERSION = YES;
				GCC_WARN_ABOUT_RETURN_TYPE = YES_ERROR;
				GCC_WARN_UNDECLARED_SELECTOR = YES;
				GCC_WARN_UNINITIALIZED_AUTOS = YES_AGGRESSIVE;
				GCC_WARN_UNUSED_FUNCTION = YES;
				GCC_WARN_UNUSED_VARIABLE = YES;
				IPHONEOS_DEPLOYMENT_TARGET = 15.5;
				MTL_ENABLE_DEBUG_INFO = INCLUDE_SOURCE;
				MTL_FAST_MATH = YES;
				ONLY_ACTIVE_ARCH = YES;
				SDKROOT = iphoneos;
				SWIFT_ACTIVE_COMPILATION_CONDITIONS = DEBUG;
				SWIFT_OPTIMIZATION_LEVEL = "-Onone";
			};
			name = Debug;
		};
		E62A0DA1284F74D10075E36C /* Release */ = {
			isa = XCBuildConfiguration;
			buildSettings = {
				ALWAYS_SEARCH_USER_PATHS = NO;
				CLANG_ANALYZER_NONNULL = YES;
				CLANG_ANALYZER_NUMBER_OBJECT_CONVERSION = YES_AGGRESSIVE;
				CLANG_CXX_LANGUAGE_STANDARD = "gnu++17";
				CLANG_ENABLE_MODULES = YES;
				CLANG_ENABLE_OBJC_ARC = YES;
				CLANG_ENABLE_OBJC_WEAK = YES;
				CLANG_WARN_BLOCK_CAPTURE_AUTORELEASING = YES;
				CLANG_WARN_BOOL_CONVERSION = YES;
				CLANG_WARN_COMMA = YES;
				CLANG_WARN_CONSTANT_CONVERSION = YES;
				CLANG_WARN_DEPRECATED_OBJC_IMPLEMENTATIONS = YES;
				CLANG_WARN_DIRECT_OBJC_ISA_USAGE = YES_ERROR;
				CLANG_WARN_DOCUMENTATION_COMMENTS = YES;
				CLANG_WARN_EMPTY_BODY = YES;
				CLANG_WARN_ENUM_CONVERSION = YES;
				CLANG_WARN_INFINITE_RECURSION = YES;
				CLANG_WARN_INT_CONVERSION = YES;
				CLANG_WARN_NON_LITERAL_NULL_CONVERSION = YES;
				CLANG_WARN_OBJC_IMPLICIT_RETAIN_SELF = YES;
				CLANG_WARN_OBJC_LITERAL_CONVERSION = YES;
				CLANG_WARN_OBJC_ROOT_CLASS = YES_ERROR;
				CLANG_WARN_QUOTED_INCLUDE_IN_FRAMEWORK_HEADER = YES;
				CLANG_WARN_RANGE_LOOP_ANALYSIS = YES;
				CLANG_WARN_STRICT_PROTOTYPES = YES;
				CLANG_WARN_SUSPICIOUS_MOVE = YES;
				CLANG_WARN_UNGUARDED_AVAILABILITY = YES_AGGRESSIVE;
				CLANG_WARN_UNREACHABLE_CODE = YES;
				CLANG_WARN__DUPLICATE_METHOD_MATCH = YES;
				COPY_PHASE_STRIP = NO;
				DEBUG_INFORMATION_FORMAT = "dwarf-with-dsym";
				ENABLE_NS_ASSERTIONS = NO;
				ENABLE_STRICT_OBJC_MSGSEND = YES;
				GCC_C_LANGUAGE_STANDARD = gnu11;
				GCC_NO_COMMON_BLOCKS = YES;
				GCC_WARN_64_TO_32_BIT_CONVERSION = YES;
				GCC_WARN_ABOUT_RETURN_TYPE = YES_ERROR;
				GCC_WARN_UNDECLARED_SELECTOR = YES;
				GCC_WARN_UNINITIALIZED_AUTOS = YES_AGGRESSIVE;
				GCC_WARN_UNUSED_FUNCTION = YES;
				GCC_WARN_UNUSED_VARIABLE = YES;
				IPHONEOS_DEPLOYMENT_TARGET = 15.5;
				MTL_ENABLE_DEBUG_INFO = NO;
				MTL_FAST_MATH = YES;
				SDKROOT = iphoneos;
				SWIFT_COMPILATION_MODE = wholemodule;
				SWIFT_OPTIMIZATION_LEVEL = "-O";
				VALIDATE_PRODUCT = YES;
			};
			name = Release;
		};
		E62A0DA3284F74D10075E36C /* Debug */ = {
			isa = XCBuildConfiguration;
			buildSettings = {
				ASSETCATALOG_COMPILER_APPICON_NAME = AppIcon;
				ASSETCATALOG_COMPILER_GLOBAL_ACCENT_COLOR_NAME = AccentColor;
				CODE_SIGN_STYLE = Automatic;
				CURRENT_PROJECT_VERSION = 1;
				DEVELOPMENT_ASSET_PATHS = "";
				ENABLE_PREVIEWS = YES;
				GENERATE_INFOPLIST_FILE = YES;
				INFOPLIST_KEY_UIApplicationSceneManifest_Generation = YES;
				INFOPLIST_KEY_UIApplicationSupportsIndirectInputEvents = YES;
				INFOPLIST_KEY_UILaunchScreen_Generation = YES;
				INFOPLIST_KEY_UISupportedInterfaceOrientations_iPad = "UIInterfaceOrientationPortrait UIInterfaceOrientationPortraitUpsideDown UIInterfaceOrientationLandscapeLeft UIInterfaceOrientationLandscapeRight";
				INFOPLIST_KEY_UISupportedInterfaceOrientations_iPhone = "UIInterfaceOrientationPortrait UIInterfaceOrientationLandscapeLeft UIInterfaceOrientationLandscapeRight";
				LD_RUNPATH_SEARCH_PATHS = (
					"$(inherited)",
					"@executable_path/Frameworks",
				);
				MARKETING_VERSION = 1.0;
				PRODUCT_BUNDLE_IDENTIFIER = "Self.aem-asCs-viewer-app";
				PRODUCT_NAME = "$(TARGET_NAME)";
				SWIFT_EMIT_LOC_STRINGS = YES;
				SWIFT_VERSION = 5.0;
				TARGETED_DEVICE_FAMILY = "1,2";
			};
			name = Debug;
		};
		E62A0DA4284F74D10075E36C /* Release */ = {
			isa = XCBuildConfiguration;
			buildSettings = {
				ASSETCATALOG_COMPILER_APPICON_NAME = AppIcon;
				ASSETCATALOG_COMPILER_GLOBAL_ACCENT_COLOR_NAME = AccentColor;
				CODE_SIGN_STYLE = Automatic;
				CURRENT_PROJECT_VERSION = 1;
				DEVELOPMENT_ASSET_PATHS = "";
				ENABLE_PREVIEWS = YES;
				GENERATE_INFOPLIST_FILE = YES;
				INFOPLIST_KEY_UIApplicationSceneManifest_Generation = YES;
				INFOPLIST_KEY_UIApplicationSupportsIndirectInputEvents = YES;
				INFOPLIST_KEY_UILaunchScreen_Generation = YES;
				INFOPLIST_KEY_UISupportedInterfaceOrientations_iPad = "UIInterfaceOrientationPortrait UIInterfaceOrientationPortraitUpsideDown UIInterfaceOrientationLandscapeLeft UIInterfaceOrientationLandscapeRight";
				INFOPLIST_KEY_UISupportedInterfaceOrientations_iPhone = "UIInterfaceOrientationPortrait UIInterfaceOrientationLandscapeLeft UIInterfaceOrientationLandscapeRight";
				LD_RUNPATH_SEARCH_PATHS = (
					"$(inherited)",
					"@executable_path/Frameworks",
				);
				MARKETING_VERSION = 1.0;
				PRODUCT_BUNDLE_IDENTIFIER = "Self.aem-asCs-viewer-app";
				PRODUCT_NAME = "$(TARGET_NAME)";
				SWIFT_EMIT_LOC_STRINGS = YES;
				SWIFT_VERSION = 5.0;
				TARGETED_DEVICE_FAMILY = "1,2";
			};
			name = Release;
		};
		E62A0DA6284F74D10075E36C /* Debug */ = {
			isa = XCBuildConfiguration;
			buildSettings = {
				ALWAYS_EMBED_SWIFT_STANDARD_LIBRARIES = YES;
				BUNDLE_LOADER = "$(TEST_HOST)";
				CODE_SIGN_STYLE = Automatic;
				CURRENT_PROJECT_VERSION = 1;
				GENERATE_INFOPLIST_FILE = YES;
				IPHONEOS_DEPLOYMENT_TARGET = 15.5;
				MARKETING_VERSION = 1.0;
				PRODUCT_BUNDLE_IDENTIFIER = "Self.swiftui-intro-appTests";
				PRODUCT_NAME = "$(TARGET_NAME)";
				SWIFT_EMIT_LOC_STRINGS = NO;
				SWIFT_VERSION = 5.0;
				TARGETED_DEVICE_FAMILY = "1,2";
				TEST_HOST = "$(BUILT_PRODUCTS_DIR)/AEM-asCs-Author-Viewer.app/AEM-asCs-Author-Viewer";
			};
			name = Debug;
		};
		E62A0DA7284F74D10075E36C /* Release */ = {
			isa = XCBuildConfiguration;
			buildSettings = {
				ALWAYS_EMBED_SWIFT_STANDARD_LIBRARIES = YES;
				BUNDLE_LOADER = "$(TEST_HOST)";
				CODE_SIGN_STYLE = Automatic;
				CURRENT_PROJECT_VERSION = 1;
				GENERATE_INFOPLIST_FILE = YES;
				IPHONEOS_DEPLOYMENT_TARGET = 15.5;
				MARKETING_VERSION = 1.0;
				PRODUCT_BUNDLE_IDENTIFIER = "Self.swiftui-intro-appTests";
				PRODUCT_NAME = "$(TARGET_NAME)";
				SWIFT_EMIT_LOC_STRINGS = NO;
				SWIFT_VERSION = 5.0;
				TARGETED_DEVICE_FAMILY = "1,2";
				TEST_HOST = "$(BUILT_PRODUCTS_DIR)/AEM-asCs-Author-Viewer.app/AEM-asCs-Author-Viewer";
			};
			name = Release;
		};
		E62A0DA9284F74D10075E36C /* Debug */ = {
			isa = XCBuildConfiguration;
			buildSettings = {
				ALWAYS_EMBED_SWIFT_STANDARD_LIBRARIES = YES;
				CODE_SIGN_STYLE = Automatic;
				CURRENT_PROJECT_VERSION = 1;
				GENERATE_INFOPLIST_FILE = YES;
				MARKETING_VERSION = 1.0;
				PRODUCT_BUNDLE_IDENTIFIER = "Self.swiftui-intro-appUITests";
				PRODUCT_NAME = "$(TARGET_NAME)";
				SWIFT_EMIT_LOC_STRINGS = NO;
				SWIFT_VERSION = 5.0;
				TARGETED_DEVICE_FAMILY = "1,2";
				TEST_TARGET_NAME = "swiftui-intro-app";
			};
			name = Debug;
		};
		E62A0DAA284F74D10075E36C /* Release */ = {
			isa = XCBuildConfiguration;
			buildSettings = {
				ALWAYS_EMBED_SWIFT_STANDARD_LIBRARIES = YES;
				CODE_SIGN_STYLE = Automatic;
				CURRENT_PROJECT_VERSION = 1;
				GENERATE_INFOPLIST_FILE = YES;
				MARKETING_VERSION = 1.0;
				PRODUCT_BUNDLE_IDENTIFIER = "Self.swiftui-intro-appUITests";
				PRODUCT_NAME = "$(TARGET_NAME)";
				SWIFT_EMIT_LOC_STRINGS = NO;
				SWIFT_VERSION = 5.0;
				TARGETED_DEVICE_FAMILY = "1,2";
				TEST_TARGET_NAME = "swiftui-intro-app";
			};
			name = Release;
		};
/* End XCBuildConfiguration section */

/* Begin XCConfigurationList section */
		E62A0D79284F74D00075E36C /* Build configuration list for PBXProject "AEM-asCs-Author-Viewer" */ = {
			isa = XCConfigurationList;
			buildConfigurations = (
				E62A0DA0284F74D10075E36C /* Debug */,
				E62A0DA1284F74D10075E36C /* Release */,
			);
			defaultConfigurationIsVisible = 0;
			defaultConfigurationName = Release;
		};
		E62A0DA2284F74D10075E36C /* Build configuration list for PBXNativeTarget "AEM-asCs-Author-Viewer" */ = {
			isa = XCConfigurationList;
			buildConfigurations = (
				E62A0DA3284F74D10075E36C /* Debug */,
				E62A0DA4284F74D10075E36C /* Release */,
			);
			defaultConfigurationIsVisible = 0;
			defaultConfigurationName = Release;
		};
		E62A0DA5284F74D10075E36C /* Build configuration list for PBXNativeTarget "AEM-asCs-Author-ViewerTests" */ = {
			isa = XCConfigurationList;
			buildConfigurations = (
				E62A0DA6284F74D10075E36C /* Debug */,
				E62A0DA7284F74D10075E36C /* Release */,
			);
			defaultConfigurationIsVisible = 0;
			defaultConfigurationName = Release;
		};
		E62A0DA8284F74D10075E36C /* Build configuration list for PBXNativeTarget "AEM-asCs-Author-ViewerUITests" */ = {
			isa = XCConfigurationList;
			buildConfigurations = (
				E62A0DA9284F74D10075E36C /* Debug */,
				E62A0DAA284F74D10075E36C /* Release */,
			);
			defaultConfigurationIsVisible = 0;
			defaultConfigurationName = Release;
		};
/* End XCConfigurationList section */
	};
	rootObject = E62A0D76284F74D00075E36C /* Project object */;
}
